schema: '2.0'
stages:
  stage_01:
    cmd: python stage_01.py
    deps:
    - path: stage_01.py
      hash: md5
      md5: 8dfa264d52faa919122cb456c50195d3
      size: 93
    outs:
    - path: artifact.txt
      hash: md5
      md5: 0a5b32d02ddc36e230b039658904618e
      size: 37
  stage_02:
    cmd: python stage_02.py
    deps:
    - path: artifact.txt
      hash: md5
      md5: 0a5b32d02ddc36e230b039658904618e
      size: 37
    - path: stage_02.py
      hash: md5
      md5: e18a900c414441f96aeab8da5322c193
      size: 138
  stage_03:
    cmd: python stage_03.py
    deps:
    - path: artifact.txt
      hash: md5
      md5: af121939200d3fea2cf38062d6f93293
      size: 58
    - path: stage_03.py
      hash: md5
      md5: b784fb4ed11a91dda737e2902dad9345
      size: 192
